{
  "name": "hyper-native-dark",
  "version": "1.0.2",
  "lockfileVersion": 1,
  "requires": true,
  "dependencies": {
    "sick-colors": {
      "version": "1.0.1",
      "resolved": "https://registry.npmjs.org/sick-colors/-/sick-colors-1.0.1.tgz",
      "integrity": "sha512-oA7jI8BSnrJO0kfFaQT210sMVONetFORuQakp4P7pAWFIF3XXrjiNgaGPAcHTVeAjmdmKhhDiOuspFzUcL8b9w=="
    }
  }
}
