{
  "name": "hyper-native-dark",
  "version": "1.0.8",
  "lockfileVersion": 1,
  "requires": true,
  "dependencies": {
    "hyper-mac": {
      "version": "1.0.5",
      "resolved": "https://registry.npmjs.org/hyper-mac/-/hyper-mac-1.0.5.tgz",
      "integrity": "sha512-XhCh+whYkawgp2DmL0dfIoIwP/GYI0ud7QG6JbiW+q0CHjEC8e8frx52nO8aAvXRWcvIfMaVEQJEVFsKjzLnzA=="
    },
    "hyper-sick": {
      "version": "1.0.2",
      "resolved": "https://registry.npmjs.org/hyper-sick/-/hyper-sick-1.0.2.tgz",
      "integrity": "sha512-9bZtomHUwPcUCligF5OnSJzgpS1bVhEQayfj5iTfOos3LZ1pgKPM0aWw5K54maCcXqW2vRC41cxMeTWy5JBDDQ==",
      "requires": {
        "sick-colors": "*"
      }
    },
    "sick-colors": {
      "version": "1.0.5",
      "resolved": "https://registry.npmjs.org/sick-colors/-/sick-colors-1.0.5.tgz",
      "integrity": "sha512-1tkL7IoZ8wGuzVxsR9ywK+kLJziO39Pwg3eycvZwQInhiMLSd5UxZcg2jm2VGAsKppYXzesqjtOOMSghp0MiJA=="
    }
  }
}
