{
  "name": "hyper-native-dark",
  "version": "2.0.0",
  "lockfileVersion": 1,
  "requires": true,
  "dependencies": {
    "hyper-mac": {
      "version": "1.0.10",
      "resolved": "https://registry.npmjs.org/hyper-mac/-/hyper-mac-1.0.10.tgz",
      "integrity": "sha512-rnFsNWe88FGTOuXF2sNVzeSubi7muC2cGHhj8XZCu8ROFxe0wg3kPlkBEJV3VE/OpKfmDkghlD5ttVREG5g//g=="
    },
    "hyper-sick": {
      "version": "4.0.0",
      "resolved": "https://registry.npmjs.org/hyper-sick/-/hyper-sick-4.0.0.tgz",
      "integrity": "sha512-nOAwe4jgcq+aLifY/3SumBwFGQM3nWkgg/SDsMRHVbC1w7jvXy+DfzFqzKoCPTZxoY+VfP550TedxgQHImcyEg==",
      "requires": {
        "sick-colors": "^3.0.2"
      }
    },
    "sick-colors": {
      "version": "3.0.2",
      "resolved": "https://registry.npmjs.org/sick-colors/-/sick-colors-3.0.2.tgz",
      "integrity": "sha512-tCv24UOsSEF0sPebqpN9e8o/HZLLM19sm0EZ9zva16QGrvlZu4qXaBqeBF0U2c64B+0UTZ8xkj3FmEW5OK2JwQ=="
    }
  }
}
